PODS:
  - AFNetworking (4.0.1):
    - AFNetworking/NSURLSession (= 4.0.1)
    - AFNetworking/Reachability (= 4.0.1)
    - AFNetworking/Security (= 4.0.1)
    - AFNetworking/Serialization (= 4.0.1)
    - AFNetworking/UIKit (= 4.0.1)
  - AFNetworking/NSURLSession (4.0.1):
    - AFNetworking/Reachability
    - AFNetworking/Security
    - AFNetworking/Serialization
  - AFNetworking/Reachability (4.0.1)
  - AFNetworking/Security (4.0.1)
  - AFNetworking/Serialization (4.0.1)
  - AFNetworking/UIKit (4.0.1):
    - AFNetworking/NSURLSession
  - CJFileDownloader (1.0.0):
    - AFNetworking
  - CJSkin (1.0.2):
    - CJFileDownloader
    - SSZipArchive
  - SSZipArchive (2.4.2)

DEPENDENCIES:
  - CJSkin (from `../../`)

SPEC REPOS:
  https://github.com/CocoaPods/Specs.git:
    - AFNetworking
    - CJFileDownloader
    - SSZipArchive

EXTERNAL SOURCES:
  CJSkin:
    :path: "../../"

SPEC CHECKSUMS:
  AFNetworking: 7864c38297c79aaca1500c33288e429c3451fdce
  CJFileDownloader: 89237397065665813089fbd9d4589af7c393c413
  CJSkin: 166475c4893c3032f3fa6128a9e05388b28e2398
  SSZipArchive: e7b4f3d9e780c2acc1764cd88fbf2de28f26e5b2

PODFILE CHECKSUM: 3c3a57560ceac3dd26be19c1a10f87a2353f4ac9

COCOAPODS: 1.8.4
